// !$*UTF8*$!
{
	archiveVersion = 1;
	classes = {
	};
	objectVersion = 46;
	objects = {

/* Begin PBXBuildFile section */
		DDC384FF1A4F8F9400F445A6 /* main.m in Sources */ = {isa = PBXBuildFile; fileRef = DDC384FE1A4F8F9400F445A6 /* main.m */; };
		DDC385021A4F8F9400F445A6 /* AppDelegate.m in Sources */ = {isa = PBXBuildFile; fileRef = DDC385011A4F8F9400F445A6 /* AppDelegate.m */; };
		DDC385051A4F8F9400F445A6 /* ViewController.m in Sources */ = {isa = PBXBuildFile; fileRef = DDC385041A4F8F9400F445A6 /* ViewController.m */; };
		DDC385081A4F8F9400F445A6 /* Main.storyboard in Resources */ = {isa = PBXBuildFile; fileRef = DDC385061A4F8F9400F445A6 /* Main.storyboard */; };
		DDC3850A1A4F8F9400F445A6 /* Images.xcassets in Resources */ = {isa = PBXBuildFile; fileRef = DDC385091A4F8F9400F445A6 /* Images.xcassets */; };
		DDC3850D1A4F8F9400F445A6 /* LaunchScreen.xib in Resources */ = {isa = PBXBuildFile; fileRef = DDC3850B1A4F8F9400F445A6 /* LaunchScreen.xib */; };
		DDC385191A4F8F9500F445A6 /* LaundryViewTests.m in Sources */ = {isa = PBXBuildFile; fileRef = DDC385181A4F8F9500F445A6 /* LaundryViewTests.m */; };
/* End PBXBuildFile section */

/* Begin PBXContainerItemProxy section */
		DDC385131A4F8F9500F445A6 /* PBXContainerItemProxy */ = {
			isa = PBXContainerItemProxy;
			containerPortal = DDC384F11A4F8F9400F445A6 /* Project object */;
			proxyType = 1;
			remoteGlobalIDString = DDC384F81A4F8F9400F445A6;
			remoteInfo = LaundryView;
		};
/* End PBXContainerItemProxy section */

/* Begin PBXFileReference section */
		DDC384F91A4F8F9400F445A6 /* LaundryView.app */ = {isa = PBXFileReference; explicitFileType = wrapper.application; includeInIndex = 0; path = LaundryView.app; sourceTree = BUILT_PRODUCTS_DIR; };
		DDC384FD1A4F8F9400F445A6 /* Info.plist */ = {isa = PBXFileReference; lastKnownFileType = text.plist.xml; path = Info.plist; sourceTree = "<group>"; };
		DDC384FE1A4F8F9400F445A6 /* main.m */ = {isa = PBXFileReference; lastKnownFileType = sourcecode.c.objc; path = main.m; sourceTree = "<group>"; };
		DDC385001A4F8F9400F445A6 /* AppDelegate.h */ = {isa = PBXFileReference; lastKnownFileType = sourcecode.c.h; path = AppDelegate.h; sourceTree = "<group>"; };
		DDC385011A4F8F9400F445A6 /* AppDelegate.m */ = {isa = PBXFileReference; lastKnownFileType = sourcecode.c.objc; path = AppDelegate.m; sourceTree = "<group>"; };
		DDC385031A4F8F9400F445A6 /* ViewController.h */ = {isa = PBXFileReference; lastKnownFileType = sourcecode.c.h; path = ViewController.h; sourceTree = "<group>"; };
		DDC385041A4F8F9400F445A6 /* ViewController.m */ = {isa = PBXFileReference; lastKnownFileType = sourcecode.c.objc; path = ViewController.m; sourceTree = "<group>"; };
		DDC385071A4F8F9400F445A6 /* Base */ = {isa = PBXFileReference; lastKnownFileType = file.storyboard; name = Base; path = Base.lproj/Main.storyboard; sourceTree = "<group>"; };
		DDC385091A4F8F9400F445A6 /* Images.xcassets */ = {isa = PBXFileReference; lastKnownFileType = folder.assetcatalog; path = Images.xcassets; sourceTree = "<group>"; };
		DDC3850C1A4F8F9400F445A6 /* Base */ = {isa = PBXFileReference; lastKnownFileType = file.xib; name = Base; path = Base.lproj/LaunchScreen.xib; sourceTree = "<group>"; };
		DDC385121A4F8F9500F445A6 /* LaundryViewTests.xctest */ = {isa = PBXFileReference; explicitFileType = wrapper.cfbundle; includeInIndex = 0; path = LaundryViewTests.xctest; sourceTree = BUILT_PRODUCTS_DIR; };
		DDC385171A4F8F9500F445A6 /* Info.plist */ = {isa = PBXFileReference; lastKnownFileType = text.plist.xml; path = Info.plist; sourceTree = "<group>"; };
		DDC385181A4F8F9500F445A6 /* LaundryViewTests.m */ = {isa = PBXFileReference; lastKnownFileType = sourcecode.c.objc; path = LaundryViewTests.m; sourceTree = "<group>"; };
/* End PBXFileReference section */

/* Begin PBXFrameworksBuildPhase section */
		DDC384F61A4F8F9400F445A6 /* Frameworks */ = {
			isa = PBXFrameworksBuildPhase;
			buildActionMask = 2147483647;
			files = (
			);
			runOnlyForDeploymentPostprocessing = 0;
		};
		DDC3850F1A4F8F9500F445A6 /* Frameworks */ = {
			isa = PBXFrameworksBuildPhase;
			buildActionMask = 2147483647;
			files = (
			);
			runOnlyForDeploymentPostprocessing = 0;
		};
/* End PBXFrameworksBuildPhase section */

/* Begin PBXGroup section */
		DDC384F01A4F8F9400F445A6 = {
			isa = PBXGroup;
			children = (
				DDC384FB1A4F8F9400F445A6 /* LaundryView */,
				DDC385151A4F8F9500F445A6 /* LaundryViewTests */,
				DDC384FA1A4F8F9400F445A6 /* Products */,
			);
			sourceTree = "<group>";
		};
		DDC384FA1A4F8F9400F445A6 /* Products */ = {
			isa = PBXGroup;
			children = (
				DDC384F91A4F8F9400F445A6 /* LaundryView.app */,
				DDC385121A4F8F9500F445A6 /* LaundryViewTests.xctest */,
			);
			name = Products;
			sourceTree = "<group>";
		};
		DDC384FB1A4F8F9400F445A6 /* LaundryView */ = {
			isa = PBXGroup;
			children = (
				DDC385001A4F8F9400F445A6 /* AppDelegate.h */,
				DDC385011A4F8F9400F445A6 /* AppDelegate.m */,
				DDC385031A4F8F9400F445A6 /* ViewController.h */,
				DDC385041A4F8F9400F445A6 /* ViewController.m */,
				DDC385061A4F8F9400F445A6 /* Main.storyboard */,
				DDC385091A4F8F9400F445A6 /* Images.xcassets */,
				DDC3850B1A4F8F9400F445A6 /* LaunchScreen.xib */,
				DDC384FC1A4F8F9400F445A6 /* Supporting Files */,
			);
			path = LaundryView;
			sourceTree = "<group>";
		};
		DDC384FC1A4F8F9400F445A6 /* Supporting Files */ = {
			isa = PBXGroup;
			children = (
				DDC384FD1A4F8F9400F445A6 /* Info.plist */,
				DDC384FE1A4F8F9400F445A6 /* main.m */,
			);
			name = "Supporting Files";
			sourceTree = "<group>";
		};
		DDC385151A4F8F9500F445A6 /* LaundryViewTests */ = {
			isa = PBXGroup;
			children = (
				DDC385181A4F8F9500F445A6 /* LaundryViewTests.m */,
				DDC385161A4F8F9500F445A6 /* Supporting Files */,
			);
			path = LaundryViewTests;
			sourceTree = "<group>";
		};
		DDC385161A4F8F9500F445A6 /* Supporting Files */ = {
			isa = PBXGroup;
			children = (
				DDC385171A4F8F9500F445A6 /* Info.plist */,
			);
			name = "Supporting Files";
			sourceTree = "<group>";
		};
/* End PBXGroup section */

/* Begin PBXNativeTarget section */
		DDC384F81A4F8F9400F445A6 /* LaundryView */ = {
			isa = PBXNativeTarget;
			buildConfigurationList = DDC3851C1A4F8F9500F445A6 /* Build configuration list for PBXNativeTarget "LaundryView" */;
			buildPhases = (
				DDC384F51A4F8F9400F445A6 /* Sources */,
				DDC384F61A4F8F9400F445A6 /* Frameworks */,
				DDC384F71A4F8F9400F445A6 /* Resources */,
			);
			buildRules = (
			);
			dependencies = (
			);
			name = LaundryView;
			productName = LaundryView;
			productReference = DDC384F91A4F8F9400F445A6 /* LaundryView.app */;
			productType = "com.apple.product-type.application";
		};
		DDC385111A4F8F9500F445A6 /* LaundryViewTests */ = {
			isa = PBXNativeTarget;
			buildConfigurationList = DDC3851F1A4F8F9500F445A6 /* Build configuration list for PBXNativeTarget "LaundryViewTests" */;
			buildPhases = (
				DDC3850E1A4F8F9500F445A6 /* Sources */,
				DDC3850F1A4F8F9500F445A6 /* Frameworks */,
				DDC385101A4F8F9500F445A6 /* Resources */,
			);
			buildRules = (
			);
			dependencies = (
				DDC385141A4F8F9500F445A6 /* PBXTargetDependency */,
			);
			name = LaundryViewTests;
			productName = LaundryViewTests;
			productReference = DDC385121A4F8F9500F445A6 /* LaundryViewTests.xctest */;
			productType = "com.apple.product-type.bundle.unit-test";
		};
/* End PBXNativeTarget section */

/* Begin PBXProject section */
		DDC384F11A4F8F9400F445A6 /* Project object */ = {
			isa = PBXProject;
			attributes = {
				LastUpgradeCheck = 0610;
				ORGANIZATIONNAME = "Wake Forest University";
				TargetAttributes = {
					DDC384F81A4F8F9400F445A6 = {
						CreatedOnToolsVersion = 6.1.1;
					};
					DDC385111A4F8F9500F445A6 = {
						CreatedOnToolsVersion = 6.1.1;
						TestTargetID = DDC384F81A4F8F9400F445A6;
					};
				};
			};
			buildConfigurationList = DDC384F41A4F8F9400F445A6 /* Build configuration list for PBXProject "LaundryView" */;
			compatibilityVersion = "Xcode 3.2";
			developmentRegion = English;
			hasScannedForEncodings = 0;
			knownRegions = (
				en,
				Base,
			);
			mainGroup = DDC384F01A4F8F9400F445A6;
			productRefGroup = DDC384FA1A4F8F9400F445A6 /* Products */;
			projectDirPath = "";
			projectRoot = "";
			targets = (
				DDC384F81A4F8F9400F445A6 /* LaundryView */,
				DDC385111A4F8F9500F445A6 /* LaundryViewTests */,
			);
		};
/* End PBXProject section */

/* Begin PBXResourcesBuildPhase section */
		DDC384F71A4F8F9400F445A6 /* Resources */ = {
			isa = PBXResourcesBuildPhase;
			buildActionMask = 2147483647;
			files = (
				DDC385081A4F8F9400F445A6 /* Main.storyboard in Resources */,
				DDC3850D1A4F8F9400F445A6 /* LaunchScreen.xib in Resources */,
				DDC3850A1A4F8F9400F445A6 /* Images.xcassets in Resources */,
			);
			runOnlyForDeploymentPostprocessing = 0;
		};
		DDC385101A4F8F9500F445A6 /* Resources */ = {
			isa = PBXResourcesBuildPhase;
			buildActionMask = 2147483647;
			files = (
			);
			runOnlyForDeploymentPostprocessing = 0;
		};
/* End PBXResourcesBuildPhase section */

/* Begin PBXSourcesBuildPhase section */
		DDC384F51A4F8F9400F445A6 /* Sources */ = {
			isa = PBXSourcesBuildPhase;
			buildActionMask = 2147483647;
			files = (
				DDC385051A4F8F9400F445A6 /* ViewController.m in Sources */,
				DDC385021A4F8F9400F445A6 /* AppDelegate.m in Sources */,
				DDC384FF1A4F8F9400F445A6 /* main.m in Sources */,
			);
			runOnlyForDeploymentPostprocessing = 0;
		};
		DDC3850E1A4F8F9500F445A6 /* Sources */ = {
			isa = PBXSourcesBuildPhase;
			buildActionMask = 2147483647;
			files = (
				DDC385191A4F8F9500F445A6 /* LaundryViewTests.m in Sources */,
			);
			runOnlyForDeploymentPostprocessing = 0;
		};
/* End PBXSourcesBuildPhase section */

/* Begin PBXTargetDependency section */
		DDC385141A4F8F9500F445A6 /* PBXTargetDependency */ = {
			isa = PBXTargetDependency;
			target = DDC384F81A4F8F9400F445A6 /* LaundryView */;
			targetProxy = DDC385131A4F8F9500F445A6 /* PBXContainerItemProxy */;
		};
/* End PBXTargetDependency section */

/* Begin PBXVariantGroup section */
		DDC385061A4F8F9400F445A6 /* Main.storyboard */ = {
			isa = PBXVariantGroup;
			children = (
				DDC385071A4F8F9400F445A6 /* Base */,
			);
			name = Main.storyboard;
			sourceTree = "<group>";
		};
		DDC3850B1A4F8F9400F445A6 /* LaunchScreen.xib */ = {
			isa = PBXVariantGroup;
			children = (
				DDC3850C1A4F8F9400F445A6 /* Base */,
			);
			name = LaunchScreen.xib;
			sourceTree = "<group>";
		};
/* End PBXVariantGroup section */

/* Begin XCBuildConfiguration section */
		DDC3851A1A4F8F9500F445A6 /* Debug */ = {
			isa = XCBuildConfiguration;
			buildSettings = {
				ALWAYS_SEARCH_USER_PATHS = NO;
				CLANG_CXX_LANGUAGE_STANDARD = "gnu++0x";
				CLANG_CXX_LIBRARY = "libc++";
				CLANG_ENABLE_MODULES = YES;
				CLANG_ENABLE_OBJC_ARC = YES;
				CLANG_WARN_BOOL_CONVERSION = YES;
				CLANG_WARN_CONSTANT_CONVERSION = YES;
				CLANG_WARN_DIRECT_OBJC_ISA_USAGE = YES_ERROR;
				CLANG_WARN_EMPTY_BODY = YES;
				CLANG_WARN_ENUM_CONVERSION = YES;
				CLANG_WARN_INT_CONVERSION = YES;
				CLANG_WARN_OBJC_ROOT_CLASS = YES_ERROR;
				CLANG_WARN_UNREACHABLE_CODE = YES;
				CLANG_WARN__DUPLICATE_METHOD_MATCH = YES;
				"CODE_SIGN_IDENTITY[sdk=iphoneos*]" = "iPhone Developer";
				COPY_PHASE_STRIP = NO;
				ENABLE_STRICT_OBJC_MSGSEND = YES;
				GCC_C_LANGUAGE_STANDARD = gnu99;
				GCC_DYNAMIC_NO_PIC = NO;
				GCC_OPTIMIZATION_LEVEL = 0;
				GCC_PREPROCESSOR_DEFINITIONS = (
					"DEBUG=1",
					"$(inherited)",
				);
				GCC_SYMBOLS_PRIVATE_EXTERN = NO;
				GCC_WARN_64_TO_32_BIT_CONVERSION = YES;
				GCC_WARN_ABOUT_RETURN_TYPE = YES_ERROR;
				GCC_WARN_UNDECLARED_SELECTOR = YES;
				GCC_WARN_UNINITIALIZED_AUTOS = YES_AGGRESSIVE;
				GCC_WARN_UNUSED_FUNCTION = YES;
				GCC_WARN_UNUSED_VARIABLE = YES;
				IPHONEOS_DEPLOYMENT_TARGET = 8.1;
				MTL_ENABLE_DEBUG_INFO = YES;
				ONLY_ACTIVE_ARCH = YES;
				SDKROOT = iphoneos;
				TARGETED_DEVICE_FAMILY = "1,2";
			};
			name = Debug;
		};
		DDC3851B1A4F8F9500F445A6 /* Release */ = {
			isa = XCBuildConfiguration;
			buildSettings = {
				ALWAYS_SEARCH_USER_PATHS = NO;
				CLANG_CXX_LANGUAGE_STANDARD = "gnu++0x";
				CLANG_CXX_LIBRARY = "libc++";
				CLANG_ENABLE_MODULES = YES;
				CLANG_ENABLE_OBJC_ARC = YES;
				CLANG_WARN_BOOL_CONVERSION = YES;
				CLANG_WARN_CONSTANT_CONVERSION = YES;
				CLANG_WARN_DIRECT_OBJC_ISA_USAGE = YES_ERROR;
				CLANG_WARN_EMPTY_BODY = YES;
				CLANG_WARN_ENUM_CONVERSION = YES;
				CLANG_WARN_INT_CONVERSION = YES;
				CLANG_WARN_OBJC_ROOT_CLASS = YES_ERROR;
				CLANG_WARN_UNREACHABLE_CODE = YES;
				CLANG_WARN__DUPLICATE_METHOD_MATCH = YES;
				"CODE_SIGN_IDENTITY[sdk=iphoneos*]" = "iPhone Developer";
				COPY_PHASE_STRIP = YES;
				ENABLE_NS_ASSERTIONS = NO;
				ENABLE_STRICT_OBJC_MSGSEND = YES;
				GCC_C_LANGUAGE_STANDARD = gnu99;
				GCC_WARN_64_TO_32_BIT_CONVERSION = YES;
				GCC_WARN_ABOUT_RETURN_TYPE = YES_ERROR;
				GCC_WARN_UNDECLARED_SELECTOR = YES;
				GCC_WARN_UNINITIALIZED_AUTOS = YES_AGGRESSIVE;
				GCC_WARN_UNUSED_FUNCTION = YES;
				GCC_WARN_UNUSED_VARIABLE = YES;
				IPHONEOS_DEPLOYMENT_TARGET = 8.1;
				MTL_ENABLE_DEBUG_INFO = NO;
				SDKROOT = iphoneos;
				TARGETED_DEVICE_FAMILY = "1,2";
				VALIDATE_PRODUCT = YES;
			};
			name = Release;
		};
		DDC3851D1A4F8F9500F445A6 /* Debug */ = {
			isa = XCBuildConfiguration;
			buildSettings = {
				ASSETCATALOG_COMPILER_APPICON_NAME = AppIcon;
				INFOPLIST_FILE = LaundryView/Info.plist;
				LD_RUNPATH_SEARCH_PATHS = "$(inherited) @executable_path/Frameworks";
				PRODUCT_NAME = "$(TARGET_NAME)";
			};
			name = Debug;
		};
		DDC3851E1A4F8F9500F445A6 /* Release */ = {
			isa = XCBuildConfiguration;
			buildSettings = {
				ASSETCATALOG_COMPILER_APPICON_NAME = AppIcon;
				INFOPLIST_FILE = LaundryView/Info.plist;
				LD_RUNPATH_SEARCH_PATHS = "$(inherited) @executable_path/Frameworks";
				PRODUCT_NAME = "$(TARGET_NAME)";
			};
			name = Release;
		};
		DDC385201A4F8F9500F445A6 /* Debug */ = {
			isa = XCBuildConfiguration;
			buildSettings = {
				BUNDLE_LOADER = "$(TEST_HOST)";
				FRAMEWORK_SEARCH_PATHS = (
					"$(SDKROOT)/Developer/Library/Frameworks",
					"$(inherited)",
				);
				GCC_PREPROCESSOR_DEFINITIONS = (
					"DEBUG=1",
					"$(inherited)",
				);
				INFOPLIST_FILE = LaundryViewTests/Info.plist;
				LD_RUNPATH_SEARCH_PATHS = "$(inherited) @executable_path/Frameworks @loader_path/Frameworks";
				PRODUCT_NAME = "$(TARGET_NAME)";
				TEST_HOST = "$(BUILT_PRODUCTS_DIR)/LaundryView.app/LaundryView";
			};
			name = Debug;
		};
		DDC385211A4F8F9500F445A6 /* Release */ = {
			isa = XCBuildConfiguration;
			buildSettings = {
				BUNDLE_LOADER = "$(TEST_HOST)";
				FRAMEWORK_SEARCH_PATHS = (
					"$(SDKROOT)/Developer/Library/Frameworks",
					"$(inherited)",
				);
				INFOPLIST_FILE = LaundryViewTests/Info.plist;
				LD_RUNPATH_SEARCH_PATHS = "$(inherited) @executable_path/Frameworks @loader_path/Frameworks";
				PRODUCT_NAME = "$(TARGET_NAME)";
				TEST_HOST = "$(BUILT_PRODUCTS_DIR)/LaundryView.app/LaundryView";
			};
			name = Release;
		};
/* End XCBuildConfiguration section */

/* Begin XCConfigurationList section */
		DDC384F41A4F8F9400F445A6 /* Build configuration list for PBXProject "LaundryView" */ = {
			isa = XCConfigurationList;
			buildConfigurations = (
				DDC3851A1A4F8F9500F445A6 /* Debug */,
				DDC3851B1A4F8F9500F445A6 /* Release */,
			);
			defaultConfigurationIsVisible = 0;
			defaultConfigurationName = Release;
		};
		DDC3851C1A4F8F9500F445A6 /* Build configuration list for PBXNativeTarget "LaundryView" */ = {
			isa = XCConfigurationList;
			buildConfigurations = (
				DDC3851D1A4F8F9500F445A6 /* Debug */,
				DDC3851E1A4F8F9500F445A6 /* Release */,
			);
			defaultConfigurationIsVisible = 0;
		};
		DDC3851F1A4F8F9500F445A6 /* Build configuration list for PBXNativeTarget "LaundryViewTests" */ = {
			isa = XCConfigurationList;
			buildConfigurations = (
				DDC385201A4F8F9500F445A6 /* Debug */,
				DDC385211A4F8F9500F445A6 /* Release */,
			);
			defaultConfigurationIsVisible = 0;
		};
/* End XCConfigurationList section */
	};
	rootObject = DDC384F11A4F8F9400F445A6 /* Project object */;
}
